
Microsoft Visual Studio Solution File, Format Version 12.00
# Visual Studio Version 16
VisualStudioVersion = 16.0.30611.23
MinimumVisualStudioVersion = 10.0.40219.1
Project("{FAE04EC0-301F-11D3-BF4B-00C04F79EFBC}") = "OMDb Searcher", "OMDb Searcher.csproj", "{A772BECA-61E3-4FC4-BB44-43DC8B3F7A40}"
EndProject
Global
	GlobalSection(SolutionConfigurationPlatforms) = preSolution
		Debug|Any CPU = Debug|Any CPU
		Release|Any CPU = Release|Any CPU
	EndGlobalSection
	GlobalSection(ProjectConfigurationPlatforms) = postSolution
		{A772BECA-61E3-4FC4-BB44-43DC8B3F7A40}.Debug|Any CPU.ActiveCfg = Debug|Any CPU
		{A772BECA-61E3-4FC4-BB44-43DC8B3F7A40}.Debug|Any CPU.Build.0 = Debug|Any CPU
		{A772BECA-61E3-4FC4-BB44-43DC8B3F7A40}.Release|Any CPU.ActiveCfg = Release|Any CPU
		{A772BECA-61E3-4FC4-BB44-43DC8B3F7A40}.Release|Any CPU.Build.0 = Release|Any CPU
	EndGlobalSection
	GlobalSection(SolutionProperties) = preSolution
		HideSolutionNode = FALSE
	EndGlobalSection
	GlobalSection(ExtensibilityGlobals) = postSolution
		SolutionGuid = {C07ACE5D-DA32-40AE-9591-188E7595607D}
	EndGlobalSection
EndGlobal
